
Microsoft Visual Studio Solution File, Format Version 11.00
# Visual Studio 2010
Project("{FAE04EC0-301F-11D3-BF4B-00C04F79EFBC}") = "Assembly-CSharp", "Assembly-CSharp.csproj", "{5B580621-09B4-68CB-B5F4-5B9DD210A60F}"
EndProject
Project("{FAE04EC0-301F-11D3-BF4B-00C04F79EFBC}") = "NavMeshComponentsExamples", "NavMeshComponentsExamples.csproj", "{B6432A89-40BA-79D3-3687-91344EAB50C5}"
EndProject
Project("{FAE04EC0-301F-11D3-BF4B-00C04F79EFBC}") = "NavMeshComponents", "NavMeshComponents.csproj", "{873B6230-B649-50E3-8838-3DCBF873286B}"
EndProject
Project("{FAE04EC0-301F-11D3-BF4B-00C04F79EFBC}") = "NavMeshComponentsTestsPlaymode", "NavMeshComponentsTestsPlaymode.csproj", "{50EEC6A8-9BA6-30AE-3318-55E2BF228300}"
EndProject
Project("{FAE04EC0-301F-11D3-BF4B-00C04F79EFBC}") = "NavMeshComponentsEditor", "NavMeshComponentsEditor.csproj", "{C992D1F6-D642-D9F8-CA8B-B03B8BEBEB76}"
EndProject
Project("{FAE04EC0-301F-11D3-BF4B-00C04F79EFBC}") = "Assembly-CSharp-Editor", "Assembly-CSharp-Editor.csproj", "{3CC9D2C0-C461-07D9-EDF3-4FFB4DE5C299}"
EndProject
Project("{FAE04EC0-301F-11D3-BF4B-00C04F79EFBC}") = "NavMeshComponentsTestsEditmode", "NavMeshComponentsTestsEditmode.csproj", "{8492E92E-78F2-1D39-71F8-E84ADD2FE59C}"
EndProject
Project("{FAE04EC0-301F-11D3-BF4B-00C04F79EFBC}") = "NavMeshComponentsExamplesEditor", "NavMeshComponentsExamplesEditor.csproj", "{99F2118C-343B-C5B9-2217-DB7CB86670DF}"
EndProject
Global
	GlobalSection(SolutionConfigurationPlatforms) = preSolution
		Debug|Any CPU = Debug|Any CPU
		Release|Any CPU = Release|Any CPU
	EndGlobalSection
	GlobalSection(ProjectConfigurationPlatforms) = postSolution
		{5B580621-09B4-68CB-B5F4-5B9DD210A60F}.Debug|Any CPU.ActiveCfg = Debug|Any CPU
		{5B580621-09B4-68CB-B5F4-5B9DD210A60F}.Debug|Any CPU.Build.0 = Debug|Any CPU
		{5B580621-09B4-68CB-B5F4-5B9DD210A60F}.Release|Any CPU.ActiveCfg = Release|Any CPU
		{5B580621-09B4-68CB-B5F4-5B9DD210A60F}.Release|Any CPU.Build.0 = Release|Any CPU
		{B6432A89-40BA-79D3-3687-91344EAB50C5}.Debug|Any CPU.ActiveCfg = Debug|Any CPU
		{B6432A89-40BA-79D3-3687-91344EAB50C5}.Debug|Any CPU.Build.0 = Debug|Any CPU
		{B6432A89-40BA-79D3-3687-91344EAB50C5}.Release|Any CPU.ActiveCfg = Release|Any CPU
		{B6432A89-40BA-79D3-3687-91344EAB50C5}.Release|Any CPU.Build.0 = Release|Any CPU
		{873B6230-B649-50E3-8838-3DCBF873286B}.Debug|Any CPU.ActiveCfg = Debug|Any CPU
		{873B6230-B649-50E3-8838-3DCBF873286B}.Debug|Any CPU.Build.0 = Debug|Any CPU
		{873B6230-B649-50E3-8838-3DCBF873286B}.Release|Any CPU.ActiveCfg = Release|Any CPU
		{873B6230-B649-50E3-8838-3DCBF873286B}.Release|Any CPU.Build.0 = Release|Any CPU
		{50EEC6A8-9BA6-30AE-3318-55E2BF228300}.Debug|Any CPU.ActiveCfg = Debug|Any CPU
		{50EEC6A8-9BA6-30AE-3318-55E2BF228300}.Debug|Any CPU.Build.0 = Debug|Any CPU
		{50EEC6A8-9BA6-30AE-3318-55E2BF228300}.Release|Any CPU.ActiveCfg = Release|Any CPU
		{50EEC6A8-9BA6-30AE-3318-55E2BF228300}.Release|Any CPU.Build.0 = Release|Any CPU
		{C992D1F6-D642-D9F8-CA8B-B03B8BEBEB76}.Debug|Any CPU.ActiveCfg = Debug|Any CPU
		{C992D1F6-D642-D9F8-CA8B-B03B8BEBEB76}.Debug|Any CPU.Build.0 = Debug|Any CPU
		{C992D1F6-D642-D9F8-CA8B-B03B8BEBEB76}.Release|Any CPU.ActiveCfg = Release|Any CPU
		{C992D1F6-D642-D9F8-CA8B-B03B8BEBEB76}.Release|Any CPU.Build.0 = Release|Any CPU
		{3CC9D2C0-C461-07D9-EDF3-4FFB4DE5C299}.Debug|Any CPU.ActiveCfg = Debug|Any CPU
		{3CC9D2C0-C461-07D9-EDF3-4FFB4DE5C299}.Debug|Any CPU.Build.0 = Debug|Any CPU
		{3CC9D2C0-C461-07D9-EDF3-4FFB4DE5C299}.Release|Any CPU.ActiveCfg = Release|Any CPU
		{3CC9D2C0-C461-07D9-EDF3-4FFB4DE5C299}.Release|Any CPU.Build.0 = Release|Any CPU
		{8492E92E-78F2-1D39-71F8-E84ADD2FE59C}.Debug|Any CPU.ActiveCfg = Debug|Any CPU
		{8492E92E-78F2-1D39-71F8-E84ADD2FE59C}.Debug|Any CPU.Build.0 = Debug|Any CPU
		{8492E92E-78F2-1D39-71F8-E84ADD2FE59C}.Release|Any CPU.ActiveCfg = Release|Any CPU
		{8492E92E-78F2-1D39-71F8-E84ADD2FE59C}.Release|Any CPU.Build.0 = Release|Any CPU
		{99F2118C-343B-C5B9-2217-DB7CB86670DF}.Debug|Any CPU.ActiveCfg = Debug|Any CPU
		{99F2118C-343B-C5B9-2217-DB7CB86670DF}.Debug|Any CPU.Build.0 = Debug|Any CPU
		{99F2118C-343B-C5B9-2217-DB7CB86670DF}.Release|Any CPU.ActiveCfg = Release|Any CPU
		{99F2118C-343B-C5B9-2217-DB7CB86670DF}.Release|Any CPU.Build.0 = Release|Any CPU
	EndGlobalSection
	GlobalSection(SolutionProperties) = preSolution
		HideSolutionNode = FALSE
	EndGlobalSection
EndGlobal
